{
  "name": "@bponnaluri/places-js",
  "version": "0.0.45",
  "lockfileVersion": 3,
  "requires": true,
  "packages": {
    "": {
      "name": "@bponnaluri/places-js",
      "version": "0.0.45",
      "license": "GPL-3.0",
      "devDependencies": {
        "rollup": "^4.46.3"
      }
    },
    "node_modules/@rollup/rollup-linux-x64-gnu": {
      "version": "4.46.3",
      "resolved": "https://registry.npmjs.org/@rollup/rollup-linux-x64-gnu/-/rollup-linux-x64-gnu-4.46.3.tgz",
      "integrity": "sha512-F42IgZI4JicE2vM2PWCe0N5mR5vR0gIdORPqhGQ32/u1S1v3kLtbZ0C/mi9FFk7C5T0PgdeyWEPajPjaUpyoKg==",
      "cpu": [
        "x64"
      ],
      "dev": true,
      "license": "MIT",
      "optional": true,
      "os": [
        "linux"
      ]
    },
    "node_modules/@rollup/rollup-linux-x64-musl": {
      "version": "4.46.3",
      "resolved": "https://registry.npmjs.org/@rollup/rollup-linux-x64-musl/-/rollup-linux-x64-musl-4.46.3.tgz",
      "integrity": "sha512-oLc+JrwwvbimJUInzx56Q3ujL3Kkhxehg7O1gWAYzm8hImCd5ld1F2Gry5YDjR21MNb5WCKhC9hXgU7rRlyegQ==",
      "cpu": [
        "x64"
      ],
      "dev": true,
      "license": "MIT",
      "optional": true,
      "os": [
        "linux"
      ]
    },
    "node_modules/@types/estree": {
      "version": "1.0.8",
      "resolved": "https://registry.npmjs.org/@types/estree/-/estree-1.0.8.tgz",
      "integrity": "sha512-dWHzHa2WqEXI/O1E9OjrocMTKJl2mSrEolh1Iomrv6U+JuNwaHXsXx9bLu5gG7BUWFIN0skIQJQ/L1rIex4X6w==",
      "dev": true,
      "license": "MIT"
    },
    "node_modules/rollup": {
      "version": "4.46.3",
      "resolved": "https://registry.npmjs.org/rollup/-/rollup-4.46.3.tgz",
      "integrity": "sha512-RZn2XTjXb8t5g13f5YclGoilU/kwT696DIkY3sywjdZidNSi3+vseaQov7D7BZXVJCPv3pDWUN69C78GGbXsKw==",
      "dev": true,
      "license": "MIT",
      "dependencies": {
        "@types/estree": "1.0.8"
      },
      "bin": {
        "rollup": "dist/bin/rollup"
      },
      "engines": {
        "node": ">=18.0.0",
        "npm": ">=8.0.0"
      },
      "optionalDependencies": {
        "@rollup/rollup-android-arm-eabi": "4.46.3",
        "@rollup/rollup-android-arm64": "4.46.3",
        "@rollup/rollup-darwin-arm64": "4.46.3",
        "@rollup/rollup-darwin-x64": "4.46.3",
        "@rollup/rollup-freebsd-arm64": "4.46.3",
        "@rollup/rollup-freebsd-x64": "4.46.3",
        "@rollup/rollup-linux-arm-gnueabihf": "4.46.3",
        "@rollup/rollup-linux-arm-musleabihf": "4.46.3",
        "@rollup/rollup-linux-arm64-gnu": "4.46.3",
        "@rollup/rollup-linux-arm64-musl": "4.46.3",
        "@rollup/rollup-linux-loongarch64-gnu": "4.46.3",
        "@rollup/rollup-linux-ppc64-gnu": "4.46.3",
        "@rollup/rollup-linux-riscv64-gnu": "4.46.3",
        "@rollup/rollup-linux-riscv64-musl": "4.46.3",
        "@rollup/rollup-linux-s390x-gnu": "4.46.3",
        "@rollup/rollup-linux-x64-gnu": "4.46.3",
        "@rollup/rollup-linux-x64-musl": "4.46.3",
        "@rollup/rollup-win32-arm64-msvc": "4.46.3",
        "@rollup/rollup-win32-ia32-msvc": "4.46.3",
        "@rollup/rollup-win32-x64-msvc": "4.46.3",
        "fsevents": "~2.3.2"
      }
    }
  }
}
